Microsoft Visual Studio Solution File, Format Version 11.00
# Visual Studio 2008

Project("{BFECA6D6-C57F-A3B1-8549-B0BD83C9C62B}") = "MU_Avellaneda", "Assembly-CSharp.csproj", "{2D7AD1A7-97D2-F201-CFBF-9B291ACFD805}"
EndProject
Global
	GlobalSection(SolutionConfigurationPlatforms) = preSolution
		Debug|Any CPU = Debug|Any CPU
		Release|Any CPU = Release|Any CPU
	EndGlobalSection
	GlobalSection(ProjectConfigurationPlatforms) = postSolution
		{2D7AD1A7-97D2-F201-CFBF-9B291ACFD805}.Debug|Any CPU.ActiveCfg = Debug|Any CPU
		{2D7AD1A7-97D2-F201-CFBF-9B291ACFD805}.Debug|Any CPU.Build.0 = Debug|Any CPU
		{2D7AD1A7-97D2-F201-CFBF-9B291ACFD805}.Release|Any CPU.ActiveCfg = Release|Any CPU
		{2D7AD1A7-97D2-F201-CFBF-9B291ACFD805}.Release|Any CPU.Build.0 = Release|Any CPU
	EndGlobalSection
	GlobalSection(SolutionProperties) = preSolution
		HideSolutionNode = FALSE
	EndGlobalSection
	GlobalSection(MonoDevelopProperties) = preSolution
		StartupItem = Assembly-CSharp.csproj
	EndGlobalSection
EndGlobal
